
Microsoft Visual Studio Solution File, Format Version 12.00
# Visual Studio Version 17
VisualStudioVersion = 17.12.35506.116
MinimumVisualStudioVersion = 10.0.40219.1
Project("{FAE04EC0-301F-11D3-BF4B-00C04F79EFBC}") = "YMM_ToneCurve", "YMM_ToneCurve\YMM_ToneCurve.csproj", "{903C44C8-1206-4A4B-AC9E-EA93296B45F2}"
EndProject
Project("{2150E333-8FDC-42A3-9474-1A3956D46DE8}") = "Solution Items", "Solution Items", "{6D310484-1CCC-4E0C-8E07-1E3F01FF68BC}"
	ProjectSection(SolutionItems) = preProject
		.editorconfig = .editorconfig
	EndProjectSection
EndProject
Project("{FAE04EC0-301F-11D3-BF4B-00C04F79EFBC}") = "YMM_ToneCurve.SourceGenerator.EffectPropertyGenerator", "YMM_ToneCurve.SourceGenerator.EffectPropertyGenerator\YMM_ToneCurve.SourceGenerator.EffectPropertyGenerator.csproj", "{CE36AD48-636E-4C0D-8D83-FBD56EAD69CF}"
EndProject
Global
	GlobalSection(SolutionConfigurationPlatforms) = preSolution
		Debug|Any CPU = Debug|Any CPU
		Release|Any CPU = Release|Any CPU
	EndGlobalSection
	GlobalSection(ProjectConfigurationPlatforms) = postSolution
		{903C44C8-1206-4A4B-AC9E-EA93296B45F2}.Debug|Any CPU.ActiveCfg = Debug|Any CPU
		{903C44C8-1206-4A4B-AC9E-EA93296B45F2}.Debug|Any CPU.Build.0 = Debug|Any CPU
		{903C44C8-1206-4A4B-AC9E-EA93296B45F2}.Release|Any CPU.ActiveCfg = Release|Any CPU
		{903C44C8-1206-4A4B-AC9E-EA93296B45F2}.Release|Any CPU.Build.0 = Release|Any CPU
		{CE36AD48-636E-4C0D-8D83-FBD56EAD69CF}.Debug|Any CPU.ActiveCfg = Debug|Any CPU
		{CE36AD48-636E-4C0D-8D83-FBD56EAD69CF}.Debug|Any CPU.Build.0 = Debug|Any CPU
		{CE36AD48-636E-4C0D-8D83-FBD56EAD69CF}.Release|Any CPU.ActiveCfg = Release|Any CPU
		{CE36AD48-636E-4C0D-8D83-FBD56EAD69CF}.Release|Any CPU.Build.0 = Release|Any CPU
	EndGlobalSection
	GlobalSection(SolutionProperties) = preSolution
		HideSolutionNode = FALSE
	EndGlobalSection
EndGlobal
